// !$*UTF8*$!
{
	archiveVersion = 1;
	classes = {
	};
	objectVersion = 46;
	objects = {

/* Begin PBXBuildFile section */
		0015811A18768AB400193744 /* Foundation.framework in Frameworks */ = {isa = PBXBuildFile; fileRef = 0015811918768AB400193744 /* Foundation.framework */; };
		0015811C18768AB400193744 /* CoreGraphics.framework in Frameworks */ = {isa = PBXBuildFile; fileRef = 0015811B18768AB400193744 /* CoreGraphics.framework */; };
		0015811E18768AB400193744 /* UIKit.framework in Frameworks */ = {isa = PBXBuildFile; fileRef = 0015811D18768AB400193744 /* UIKit.framework */; };
		0015812418768AB400193744 /* InfoPlist.strings in Resources */ = {isa = PBXBuildFile; fileRef = 0015812218768AB400193744 /* InfoPlist.strings */; };
		0015812618768AB400193744 /* main.m in Sources */ = {isa = PBXBuildFile; fileRef = 0015812518768AB400193744 /* main.m */; };
		0015812A18768AB400193744 /* AppDelegate.m in Sources */ = {isa = PBXBuildFile; fileRef = 0015812918768AB400193744 /* AppDelegate.m */; };
		0015812D18768AB400193744 /* Main.storyboard in Resources */ = {isa = PBXBuildFile; fileRef = 0015812B18768AB400193744 /* Main.storyboard */; };
		0015813018768AB400193744 /* ViewController.m in Sources */ = {isa = PBXBuildFile; fileRef = 0015812F18768AB400193744 /* ViewController.m */; };
		0015813218768AB400193744 /* Images.xcassets in Resources */ = {isa = PBXBuildFile; fileRef = 0015813118768AB400193744 /* Images.xcassets */; };
		0015813918768AB400193744 /* XCTest.framework in Frameworks */ = {isa = PBXBuildFile; fileRef = 0015813818768AB400193744 /* XCTest.framework */; };
		0015813A18768AB400193744 /* Foundation.framework in Frameworks */ = {isa = PBXBuildFile; fileRef = 0015811918768AB400193744 /* Foundation.framework */; };
		0015813B18768AB400193744 /* UIKit.framework in Frameworks */ = {isa = PBXBuildFile; fileRef = 0015811D18768AB400193744 /* UIKit.framework */; };
		0015814318768AB400193744 /* InfoPlist.strings in Resources */ = {isa = PBXBuildFile; fileRef = 0015814118768AB400193744 /* InfoPlist.strings */; };
		0015814518768AB400193744 /* SliderTestTests.m in Sources */ = {isa = PBXBuildFile; fileRef = 0015814418768AB400193744 /* SliderTestTests.m */; };
/* End PBXBuildFile section */

/* Begin PBXContainerItemProxy section */
		0015813C18768AB400193744 /* PBXContainerItemProxy */ = {
			isa = PBXContainerItemProxy;
			containerPortal = 0015810E18768AB400193744 /* Project object */;
			proxyType = 1;
			remoteGlobalIDString = 0015811518768AB400193744;
			remoteInfo = SliderTest;
		};
/* End PBXContainerItemProxy section */

/* Begin PBXFileReference section */
		0015811618768AB400193744 /* SliderTest.app */ = {isa = PBXFileReference; explicitFileType = wrapper.application; includeInIndex = 0; path = SliderTest.app; sourceTree = BUILT_PRODUCTS_DIR; };
		0015811918768AB400193744 /* Foundation.framework */ = {isa = PBXFileReference; lastKnownFileType = wrapper.framework; name = Foundation.framework; path = System/Library/Frameworks/Foundation.framework; sourceTree = SDKROOT; };
		0015811B18768AB400193744 /* CoreGraphics.framework */ = {isa = PBXFileReference; lastKnownFileType = wrapper.framework; name = CoreGraphics.framework; path = System/Library/Frameworks/CoreGraphics.framework; sourceTree = SDKROOT; };
		0015811D18768AB400193744 /* UIKit.framework */ = {isa = PBXFileReference; lastKnownFileType = wrapper.framework; name = UIKit.framework; path = System/Library/Frameworks/UIKit.framework; sourceTree = SDKROOT; };
		0015812118768AB400193744 /* SliderTest-Info.plist */ = {isa = PBXFileReference; lastKnownFileType = text.plist.xml; path = "SliderTest-Info.plist"; sourceTree = "<group>"; };
		0015812318768AB400193744 /* en */ = {isa = PBXFileReference; lastKnownFileType = text.plist.strings; name = en; path = en.lproj/InfoPlist.strings; sourceTree = "<group>"; };
		0015812518768AB400193744 /* main.m */ = {isa = PBXFileReference; lastKnownFileType = sourcecode.c.objc; path = main.m; sourceTree = "<group>"; };
		0015812718768AB400193744 /* SliderTest-Prefix.pch */ = {isa = PBXFileReference; lastKnownFileType = sourcecode.c.h; path = "SliderTest-Prefix.pch"; sourceTree = "<group>"; };
		0015812818768AB400193744 /* AppDelegate.h */ = {isa = PBXFileReference; lastKnownFileType = sourcecode.c.h; path = AppDelegate.h; sourceTree = "<group>"; };
		0015812918768AB400193744 /* AppDelegate.m */ = {isa = PBXFileReference; lastKnownFileType = sourcecode.c.objc; path = AppDelegate.m; sourceTree = "<group>"; };
		0015812C18768AB400193744 /* Base */ = {isa = PBXFileReference; lastKnownFileType = file.storyboard; name = Base; path = Base.lproj/Main.storyboard; sourceTree = "<group>"; };
		0015812E18768AB400193744 /* ViewController.h */ = {isa = PBXFileReference; lastKnownFileType = sourcecode.c.h; path = ViewController.h; sourceTree = "<group>"; };
		0015812F18768AB400193744 /* ViewController.m */ = {isa = PBXFileReference; lastKnownFileType = sourcecode.c.objc; path = ViewController.m; sourceTree = "<group>"; };
		0015813118768AB400193744 /* Images.xcassets */ = {isa = PBXFileReference; lastKnownFileType = folder.assetcatalog; path = Images.xcassets; sourceTree = "<group>"; };
		0015813718768AB400193744 /* SliderTestTests.xctest */ = {isa = PBXFileReference; explicitFileType = wrapper.cfbundle; includeInIndex = 0; path = SliderTestTests.xctest; sourceTree = BUILT_PRODUCTS_DIR; };
		0015813818768AB400193744 /* XCTest.framework */ = {isa = PBXFileReference; lastKnownFileType = wrapper.framework; name = XCTest.framework; path = Library/Frameworks/XCTest.framework; sourceTree = DEVELOPER_DIR; };
		0015814018768AB400193744 /* SliderTestTests-Info.plist */ = {isa = PBXFileReference; lastKnownFileType = text.plist.xml; path = "SliderTestTests-Info.plist"; sourceTree = "<group>"; };
		0015814218768AB400193744 /* en */ = {isa = PBXFileReference; lastKnownFileType = text.plist.strings; name = en; path = en.lproj/InfoPlist.strings; sourceTree = "<group>"; };
		0015814418768AB400193744 /* SliderTestTests.m */ = {isa = PBXFileReference; lastKnownFileType = sourcecode.c.objc; path = SliderTestTests.m; sourceTree = "<group>"; };
/* End PBXFileReference section */

/* Begin PBXFrameworksBuildPhase section */
		0015811318768AB400193744 /* Frameworks */ = {
			isa = PBXFrameworksBuildPhase;
			buildActionMask = 2147483647;
			files = (
				0015811C18768AB400193744 /* CoreGraphics.framework in Frameworks */,
				0015811E18768AB400193744 /* UIKit.framework in Frameworks */,
				0015811A18768AB400193744 /* Foundation.framework in Frameworks */,
			);
			runOnlyForDeploymentPostprocessing = 0;
		};
		0015813418768AB400193744 /* Frameworks */ = {
			isa = PBXFrameworksBuildPhase;
			buildActionMask = 2147483647;
			files = (
				0015813918768AB400193744 /* XCTest.framework in Frameworks */,
				0015813B18768AB400193744 /* UIKit.framework in Frameworks */,
				0015813A18768AB400193744 /* Foundation.framework in Frameworks */,
			);
			runOnlyForDeploymentPostprocessing = 0;
		};
/* End PBXFrameworksBuildPhase section */

/* Begin PBXGroup section */
		0015810D18768AB400193744 = {
			isa = PBXGroup;
			children = (
				0015811F18768AB400193744 /* SliderTest */,
				0015813E18768AB400193744 /* SliderTestTests */,
				0015811818768AB400193744 /* Frameworks */,
				0015811718768AB400193744 /* Products */,
			);
			sourceTree = "<group>";
		};
		0015811718768AB400193744 /* Products */ = {
			isa = PBXGroup;
			children = (
				0015811618768AB400193744 /* SliderTest.app */,
				0015813718768AB400193744 /* SliderTestTests.xctest */,
			);
			name = Products;
			sourceTree = "<group>";
		};
		0015811818768AB400193744 /* Frameworks */ = {
			isa = PBXGroup;
			children = (
				0015811918768AB400193744 /* Foundation.framework */,
				0015811B18768AB400193744 /* CoreGraphics.framework */,
				0015811D18768AB400193744 /* UIKit.framework */,
				0015813818768AB400193744 /* XCTest.framework */,
			);
			name = Frameworks;
			sourceTree = "<group>";
		};
		0015811F18768AB400193744 /* SliderTest */ = {
			isa = PBXGroup;
			children = (
				0015812818768AB400193744 /* AppDelegate.h */,
				0015812918768AB400193744 /* AppDelegate.m */,
				0015812B18768AB400193744 /* Main.storyboard */,
				0015812E18768AB400193744 /* ViewController.h */,
				0015812F18768AB400193744 /* ViewController.m */,
				0015813118768AB400193744 /* Images.xcassets */,
				0015812018768AB400193744 /* Supporting Files */,
			);
			path = SliderTest;
			sourceTree = "<group>";
		};
		0015812018768AB400193744 /* Supporting Files */ = {
			isa = PBXGroup;
			children = (
				0015812118768AB400193744 /* SliderTest-Info.plist */,
				0015812218768AB400193744 /* InfoPlist.strings */,
				0015812518768AB400193744 /* main.m */,
				0015812718768AB400193744 /* SliderTest-Prefix.pch */,
			);
			name = "Supporting Files";
			sourceTree = "<group>";
		};
		0015813E18768AB400193744 /* SliderTestTests */ = {
			isa = PBXGroup;
			children = (
				0015814418768AB400193744 /* SliderTestTests.m */,
				0015813F18768AB400193744 /* Supporting Files */,
			);
			path = SliderTestTests;
			sourceTree = "<group>";
		};
		0015813F18768AB400193744 /* Supporting Files */ = {
			isa = PBXGroup;
			children = (
				0015814018768AB400193744 /* SliderTestTests-Info.plist */,
				0015814118768AB400193744 /* InfoPlist.strings */,
			);
			name = "Supporting Files";
			sourceTree = "<group>";
		};
/* End PBXGroup section */

/* Begin PBXNativeTarget section */
		0015811518768AB400193744 /* SliderTest */ = {
			isa = PBXNativeTarget;
			buildConfigurationList = 0015814818768AB400193744 /* Build configuration list for PBXNativeTarget "SliderTest" */;
			buildPhases = (
				0015811218768AB400193744 /* Sources */,
				0015811318768AB400193744 /* Frameworks */,
				0015811418768AB400193744 /* Resources */,
			);
			buildRules = (
			);
			dependencies = (
			);
			name = SliderTest;
			productName = SliderTest;
			productReference = 0015811618768AB400193744 /* SliderTest.app */;
			productType = "com.apple.product-type.application";
		};
		0015813618768AB400193744 /* SliderTestTests */ = {
			isa = PBXNativeTarget;
			buildConfigurationList = 0015814B18768AB400193744 /* Build configuration list for PBXNativeTarget "SliderTestTests" */;
			buildPhases = (
				0015813318768AB400193744 /* Sources */,
				0015813418768AB400193744 /* Frameworks */,
				0015813518768AB400193744 /* Resources */,
			);
			buildRules = (
			);
			dependencies = (
				0015813D18768AB400193744 /* PBXTargetDependency */,
			);
			name = SliderTestTests;
			productName = SliderTestTests;
			productReference = 0015813718768AB400193744 /* SliderTestTests.xctest */;
			productType = "com.apple.product-type.bundle.unit-test";
		};
/* End PBXNativeTarget section */

/* Begin PBXProject section */
		0015810E18768AB400193744 /* Project object */ = {
			isa = PBXProject;
			attributes = {
				LastUpgradeCheck = 0500;
				ORGANIZATIONNAME = T;
				TargetAttributes = {
					0015813618768AB400193744 = {
						TestTargetID = 0015811518768AB400193744;
					};
				};
			};
			buildConfigurationList = 0015811118768AB400193744 /* Build configuration list for PBXProject "SliderTest" */;
			compatibilityVersion = "Xcode 3.2";
			developmentRegion = English;
			hasScannedForEncodings = 0;
			knownRegions = (
				en,
				Base,
			);
			mainGroup = 0015810D18768AB400193744;
			productRefGroup = 0015811718768AB400193744 /* Products */;
			projectDirPath = "";
			projectRoot = "";
			targets = (
				0015811518768AB400193744 /* SliderTest */,
				0015813618768AB400193744 /* SliderTestTests */,
			);
		};
/* End PBXProject section */

/* Begin PBXResourcesBuildPhase section */
		0015811418768AB400193744 /* Resources */ = {
			isa = PBXResourcesBuildPhase;
			buildActionMask = 2147483647;
			files = (
				0015813218768AB400193744 /* Images.xcassets in Resources */,
				0015812418768AB400193744 /* InfoPlist.strings in Resources */,
				0015812D18768AB400193744 /* Main.storyboard in Resources */,
			);
			runOnlyForDeploymentPostprocessing = 0;
		};
		0015813518768AB400193744 /* Resources */ = {
			isa = PBXResourcesBuildPhase;
			buildActionMask = 2147483647;
			files = (
				0015814318768AB400193744 /* InfoPlist.strings in Resources */,
			);
			runOnlyForDeploymentPostprocessing = 0;
		};
/* End PBXResourcesBuildPhase section */

/* Begin PBXSourcesBuildPhase section */
		0015811218768AB400193744 /* Sources */ = {
			isa = PBXSourcesBuildPhase;
			buildActionMask = 2147483647;
			files = (
				0015813018768AB400193744 /* ViewController.m in Sources */,
				0015812A18768AB400193744 /* AppDelegate.m in Sources */,
				0015812618768AB400193744 /* main.m in Sources */,
			);
			runOnlyForDeploymentPostprocessing = 0;
		};
		0015813318768AB400193744 /* Sources */ = {
			isa = PBXSourcesBuildPhase;
			buildActionMask = 2147483647;
			files = (
				0015814518768AB400193744 /* SliderTestTests.m in Sources */,
			);
			runOnlyForDeploymentPostprocessing = 0;
		};
/* End PBXSourcesBuildPhase section */

/* Begin PBXTargetDependency section */
		0015813D18768AB400193744 /* PBXTargetDependency */ = {
			isa = PBXTargetDependency;
			target = 0015811518768AB400193744 /* SliderTest */;
			targetProxy = 0015813C18768AB400193744 /* PBXContainerItemProxy */;
		};
/* End PBXTargetDependency section */

/* Begin PBXVariantGroup section */
		0015812218768AB400193744 /* InfoPlist.strings */ = {
			isa = PBXVariantGroup;
			children = (
				0015812318768AB400193744 /* en */,
			);
			name = InfoPlist.strings;
			sourceTree = "<group>";
		};
		0015812B18768AB400193744 /* Main.storyboard */ = {
			isa = PBXVariantGroup;
			children = (
				0015812C18768AB400193744 /* Base */,
			);
			name = Main.storyboard;
			sourceTree = "<group>";
		};
		0015814118768AB400193744 /* InfoPlist.strings */ = {
			isa = PBXVariantGroup;
			children = (
				0015814218768AB400193744 /* en */,
			);
			name = InfoPlist.strings;
			sourceTree = "<group>";
		};
/* End PBXVariantGroup section */

/* Begin XCBuildConfiguration section */
		0015814618768AB400193744 /* Debug */ = {
			isa = XCBuildConfiguration;
			buildSettings = {
				ALWAYS_SEARCH_USER_PATHS = NO;
				ARCHS = "$(ARCHS_STANDARD_INCLUDING_64_BIT)";
				CLANG_CXX_LANGUAGE_STANDARD = "gnu++0x";
				CLANG_CXX_LIBRARY = "libc++";
				CLANG_ENABLE_MODULES = YES;
				CLANG_ENABLE_OBJC_ARC = YES;
				CLANG_WARN_BOOL_CONVERSION = YES;
				CLANG_WARN_CONSTANT_CONVERSION = YES;
				CLANG_WARN_DIRECT_OBJC_ISA_USAGE = YES_ERROR;
				CLANG_WARN_EMPTY_BODY = YES;
				CLANG_WARN_ENUM_CONVERSION = YES;
				CLANG_WARN_INT_CONVERSION = YES;
				CLANG_WARN_OBJC_ROOT_CLASS = YES_ERROR;
				CLANG_WARN__DUPLICATE_METHOD_MATCH = YES;
				"CODE_SIGN_IDENTITY[sdk=iphoneos*]" = "iPhone Developer";
				COPY_PHASE_STRIP = NO;
				GCC_C_LANGUAGE_STANDARD = gnu99;
				GCC_DYNAMIC_NO_PIC = NO;
				GCC_OPTIMIZATION_LEVEL = 0;
				GCC_PREPROCESSOR_DEFINITIONS = (
					"DEBUG=1",
					"$(inherited)",
				);
				GCC_SYMBOLS_PRIVATE_EXTERN = NO;
				GCC_WARN_64_TO_32_BIT_CONVERSION = YES;
				GCC_WARN_ABOUT_RETURN_TYPE = YES_ERROR;
				GCC_WARN_UNDECLARED_SELECTOR = YES;
				GCC_WARN_UNINITIALIZED_AUTOS = YES;
				GCC_WARN_UNUSED_FUNCTION = YES;
				GCC_WARN_UNUSED_VARIABLE = YES;
				IPHONEOS_DEPLOYMENT_TARGET = 7.0;
				ONLY_ACTIVE_ARCH = YES;
				SDKROOT = iphoneos;
			};
			name = Debug;
		};
		0015814718768AB400193744 /* Release */ = {
			isa = XCBuildConfiguration;
			buildSettings = {
				ALWAYS_SEARCH_USER_PATHS = NO;
				ARCHS = "$(ARCHS_STANDARD_INCLUDING_64_BIT)";
				CLANG_CXX_LANGUAGE_STANDARD = "gnu++0x";
				CLANG_CXX_LIBRARY = "libc++";
				CLANG_ENABLE_MODULES = YES;
				CLANG_ENABLE_OBJC_ARC = YES;
				CLANG_WARN_BOOL_CONVERSION = YES;
				CLANG_WARN_CONSTANT_CONVERSION = YES;
				CLANG_WARN_DIRECT_OBJC_ISA_USAGE = YES_ERROR;
				CLANG_WARN_EMPTY_BODY = YES;
				CLANG_WARN_ENUM_CONVERSION = YES;
				CLANG_WARN_INT_CONVERSION = YES;
				CLANG_WARN_OBJC_ROOT_CLASS = YES_ERROR;
				CLANG_WARN__DUPLICATE_METHOD_MATCH = YES;
				"CODE_SIGN_IDENTITY[sdk=iphoneos*]" = "iPhone Developer";
				COPY_PHASE_STRIP = YES;
				ENABLE_NS_ASSERTIONS = NO;
				GCC_C_LANGUAGE_STANDARD = gnu99;
				GCC_WARN_64_TO_32_BIT_CONVERSION = YES;
				GCC_WARN_ABOUT_RETURN_TYPE = YES_ERROR;
				GCC_WARN_UNDECLARED_SELECTOR = YES;
				GCC_WARN_UNINITIALIZED_AUTOS = YES;
				GCC_WARN_UNUSED_FUNCTION = YES;
				GCC_WARN_UNUSED_VARIABLE = YES;
				IPHONEOS_DEPLOYMENT_TARGET = 7.0;
				SDKROOT = iphoneos;
				VALIDATE_PRODUCT = YES;
			};
			name = Release;
		};
		0015814918768AB400193744 /* Debug */ = {
			isa = XCBuildConfiguration;
			buildSettings = {
				ASSETCATALOG_COMPILER_APPICON_NAME = AppIcon;
				ASSETCATALOG_COMPILER_LAUNCHIMAGE_NAME = LaunchImage;
				GCC_PRECOMPILE_PREFIX_HEADER = YES;
				GCC_PREFIX_HEADER = "SliderTest/SliderTest-Prefix.pch";
				INFOPLIST_FILE = "SliderTest/SliderTest-Info.plist";
				PRODUCT_NAME = "$(TARGET_NAME)";
				WRAPPER_EXTENSION = app;
			};
			name = Debug;
		};
		0015814A18768AB400193744 /* Release */ = {
			isa = XCBuildConfiguration;
			buildSettings = {
				ASSETCATALOG_COMPILER_APPICON_NAME = AppIcon;
				ASSETCATALOG_COMPILER_LAUNCHIMAGE_NAME = LaunchImage;
				GCC_PRECOMPILE_PREFIX_HEADER = YES;
				GCC_PREFIX_HEADER = "SliderTest/SliderTest-Prefix.pch";
				INFOPLIST_FILE = "SliderTest/SliderTest-Info.plist";
				PRODUCT_NAME = "$(TARGET_NAME)";
				WRAPPER_EXTENSION = app;
			};
			name = Release;
		};
		0015814C18768AB400193744 /* Debug */ = {
			isa = XCBuildConfiguration;
			buildSettings = {
				ARCHS = "$(ARCHS_STANDARD_INCLUDING_64_BIT)";
				BUNDLE_LOADER = "$(BUILT_PRODUCTS_DIR)/SliderTest.app/SliderTest";
				FRAMEWORK_SEARCH_PATHS = (
					"$(SDKROOT)/Developer/Library/Frameworks",
					"$(inherited)",
					"$(DEVELOPER_FRAMEWORKS_DIR)",
				);
				GCC_PRECOMPILE_PREFIX_HEADER = YES;
				GCC_PREFIX_HEADER = "SliderTest/SliderTest-Prefix.pch";
				GCC_PREPROCESSOR_DEFINITIONS = (
					"DEBUG=1",
					"$(inherited)",
				);
				INFOPLIST_FILE = "SliderTestTests/SliderTestTests-Info.plist";
				PRODUCT_NAME = "$(TARGET_NAME)";
				TEST_HOST = "$(BUNDLE_LOADER)";
				WRAPPER_EXTENSION = xctest;
			};
			name = Debug;
		};
		0015814D18768AB400193744 /* Release */ = {
			isa = XCBuildConfiguration;
			buildSettings = {
				ARCHS = "$(ARCHS_STANDARD_INCLUDING_64_BIT)";
				BUNDLE_LOADER = "$(BUILT_PRODUCTS_DIR)/SliderTest.app/SliderTest";
				FRAMEWORK_SEARCH_PATHS = (
					"$(SDKROOT)/Developer/Library/Frameworks",
					"$(inherited)",
					"$(DEVELOPER_FRAMEWORKS_DIR)",
				);
				GCC_PRECOMPILE_PREFIX_HEADER = YES;
				GCC_PREFIX_HEADER = "SliderTest/SliderTest-Prefix.pch";
				INFOPLIST_FILE = "SliderTestTests/SliderTestTests-Info.plist";
				PRODUCT_NAME = "$(TARGET_NAME)";
				TEST_HOST = "$(BUNDLE_LOADER)";
				WRAPPER_EXTENSION = xctest;
			};
			name = Release;
		};
/* End XCBuildConfiguration section */

/* Begin XCConfigurationList section */
		0015811118768AB400193744 /* Build configuration list for PBXProject "SliderTest" */ = {
			isa = XCConfigurationList;
			buildConfigurations = (
				0015814618768AB400193744 /* Debug */,
				0015814718768AB400193744 /* Release */,
			);
			defaultConfigurationIsVisible = 0;
			defaultConfigurationName = Release;
		};
		0015814818768AB400193744 /* Build configuration list for PBXNativeTarget "SliderTest" */ = {
			isa = XCConfigurationList;
			buildConfigurations = (
				0015814918768AB400193744 /* Debug */,
				0015814A18768AB400193744 /* Release */,
			);
			defaultConfigurationIsVisible = 0;
		};
		0015814B18768AB400193744 /* Build configuration list for PBXNativeTarget "SliderTestTests" */ = {
			isa = XCConfigurationList;
			buildConfigurations = (
				0015814C18768AB400193744 /* Debug */,
				0015814D18768AB400193744 /* Release */,
			);
			defaultConfigurationIsVisible = 0;
		};
/* End XCConfigurationList section */
	};
	rootObject = 0015810E18768AB400193744 /* Project object */;
}
